{"version":4,"terraform_version":"1.11.6","serial":1,"lineage":"d632766f-7efb-c72f-d9c1-5ce5962cbd42","outputs":{"container_domain_name":{"value":"portfolio7b05b454-portfolio.functions.fnc.fr-par.scw.cloud","type":"string"},"container_status":{"value":"ready","type":"string"},"namespace_name":{"value":"portfolio","type":"string"}},"resources":[{"module":"module.container","mode":"managed","type":"scaleway_container","name":"container","provider":"provider[\"registry.opentofu.org/hashicorp/scaleway\"]","instances":[{"schema_version":0,"attributes":{"args":null,"command":null,"cpu_limit":400,"cron_status":"ready","deploy":true,"description":"Portfolio Hugo — nginx:alpine","domain_name":"portfolio7b05b454-portfolio.functions.fnc.fr-par.scw.cloud","environment_variables":{},"error_message":"","health_check":[{"failure_threshold":30,"http":[],"interval":"10s"}],"http_option":"redirected","id":"fr-par/772b51d0-3273-4689-b9c5-c7186963f19b","local_storage_limit":1000,"max_concurrency":1,"max_scale":1,"memory_limit":512,"min_scale":1,"name":"portfolio","namespace_id":"fr-par/7b05b454-91a1-4c8f-aa31-0a6a0ebd40e0","port":80,"privacy":"public","private_network_id":"","protocol":"http1","region":"fr-par","registry_image":"rg.fr-par.scw.cloud/funcscwnsportfoliopronqiqiyof/portfolio:latest","registry_sha256":null,"sandbox":"v2","scaling_option":[{"concurrent_requests_threshold":50,"cpu_usage_threshold":0,"memory_usage_threshold":0}],"secret_environment_variables":null,"status":"ready","tags":["portfolio","hugo","nginx"],"timeout":300,"timeouts":null},"sensitive_attributes":[[{"type":"get_attr","value":"secret_environment_variables"}]],"private":"eyJlMmJmYjczMC1lY2FhLTExZTYtOGY4OC0zNDM2M2JjN2M0YzAiOnsiY3JlYXRlIjo3NTAwMDAwMDAwMDAsImRlZmF1bHQiOjc1MDAwMDAwMDAwMCwiZGVsZXRlIjo3NTAwMDAwMDAwMDAsInJlYWQiOjc1MDAwMDAwMDAwMCwidXBkYXRlIjo3NTAwMDAwMDAwMDB9fQ==","dependencies":["module.namespace.scaleway_container_namespace.namespace"]}]},{"module":"module.namespace","mode":"managed","type":"scaleway_container_namespace","name":"namespace","provider":"provider[\"registry.opentofu.org/hashicorp/scaleway\"]","instances":[{"schema_version":0,"attributes":{"activate_vpc_integration":true,"description":"Namespace Scaleway Containers pour le portfolio","destroy_registry":false,"environment_variables":null,"id":"fr-par/7b05b454-91a1-4c8f-aa31-0a6a0ebd40e0","name":"portfolio","organization_id":"9dd9df3c-7f20-4fe0-b796-b97de79c812c","project_id":"0f893626-77ca-4f28-acf7-127abdde7b24","region":"fr-par","registry_endpoint":"rg.fr-par.scw.cloud/funcscwportfolio7b05b454","registry_namespace_id":"da8b434b-70bb-4a05-9449-cb461f1b942e","secret_environment_variables":null,"tags":["hugo","nginx","portfolio"],"timeouts":null},"sensitive_attributes":[[{"type":"get_attr","value":"secret_environment_variables"}]],"private":"eyJlMmJmYjczMC1lY2FhLTExZTYtOGY4OC0zNDM2M2JjN2M0YzAiOnsiY3JlYXRlIjozMDAwMDAwMDAwMDAsImRlZmF1bHQiOjMwMDAwMDAwMDAwMCwiZGVsZXRlIjozMDAwMDAwMDAwMDAsInJlYWQiOjMwMDAwMDAwMDAwMCwidXBkYXRlIjozMDAwMDAwMDAwMDB9fQ=="}]}],"check_results":[{"object_kind":"var","config_addr":"module.container.var.protocol","status":"pass","objects":[{"object_addr":"module.container.var.protocol","status":"pass"}]},{"object_kind":"var","config_addr":"module.container.var.privacy","status":"pass","objects":[{"object_addr":"module.container.var.privacy","status":"pass"}]},{"object_kind":"var","config_addr":"module.container.var.http_option","status":"pass","objects":[{"object_addr":"module.container.var.http_option","status":"pass"}]}]}
